{
    "name": "中和商道学院",
    "version": "1.2.0",
    "lockfileVersion": 2,
    "requires": true,
    "packages": {
        "": {
            "name": "中和商道学院",
            "version": "1.2.0",
            "dependencies": {
                "vconsole": "^3.15.1",
                "vue3-video-play": "^1.3.2"
            }
        },
        "node_modules/@babel/parser": {
            "version": "7.24.8",
            "resolved": "https://mirrors.huaweicloud.com/repository/npm/@babel/parser/-/parser-7.24.8.tgz",
            "integrity": "sha512-WzfbgXOkGzZiXXCqk43kKwZjzwx4oulxZi3nq2TYL9mOjQv6kYwul9mz6ID36njuL7Xkp6nJEfok848Zj10j/w==",
            "license": "MIT",
            "bin": {
                "parser": "bin/babel-parser.js"
            },
            "engines": {
                "node": ">=6.0.0"
            }
        },
        "node_modules/@babel/runtime": {
            "version": "7.24.8",
            "resolved": "https://mirrors.huaweicloud.com/repository/npm/@babel/runtime/-/runtime-7.24.8.tgz",
            "integrity": "sha512-5F7SDGs1T72ZczbRwbGO9lQi0NLjQxzl6i4lJxLxfW9U5UluCSyEJeniWvnhl3/euNiqQVbo8zruhsDfid0esA==",
            "license": "MIT",
            "dependencies": {
                "regenerator-runtime": "^0.14.0"
            },
            "engines": {
                "node": ">=6.9.0"
            }
        },
        "node_modules/@jridgewell/sourcemap-codec": {
            "version": "1.5.0",
            "resolved": "https://mirrors.huaweicloud.com/repository/npm/@jridgewell/sourcemap-codec/-/sourcemap-codec-1.5.0.tgz",
            "integrity": "sha512-gv3ZRaISU3fjPAgNsriBRqGWQL6quFx04YMPW/zD8XMLsU32mhCCbfbO6KZFLjvYpCZ8zyDEgqsgf+PwPaM7GQ==",
            "license": "MIT"
        },
        "node_modules/@vue/compiler-core": {
            "version": "3.4.31",
            "resolved": "https://mirrors.huaweicloud.com/repository/npm/@vue/compiler-core/-/compiler-core-3.4.31.tgz",
            "integrity": "sha512-skOiodXWTV3DxfDhB4rOf3OGalpITLlgCeOwb+Y9GJpfQ8ErigdBUHomBzvG78JoVE8MJoQsb+qhZiHfKeNeEg==",
            "license": "MIT",
            "dependencies": {
                "@babel/parser": "^7.24.7",
                "@vue/shared": "3.4.31",
                "entities": "^4.5.0",
                "estree-walker": "^2.0.2",
                "source-map-js": "^1.2.0"
            }
        },
        "node_modules/@vue/compiler-dom": {
            "version": "3.4.31",
            "resolved": "https://mirrors.huaweicloud.com/repository/npm/@vue/compiler-dom/-/compiler-dom-3.4.31.tgz",
            "integrity": "sha512-wK424WMXsG1IGMyDGyLqB+TbmEBFM78hIsOJ9QwUVLGrcSk0ak6zYty7Pj8ftm7nEtdU/DGQxAXp0/lM/2cEpQ==",
            "license": "MIT",
            "dependencies": {
                "@vue/compiler-core": "3.4.31",
                "@vue/shared": "3.4.31"
            }
        },
        "node_modules/@vue/compiler-sfc": {
            "version": "3.4.31",
            "resolved": "https://mirrors.huaweicloud.com/repository/npm/@vue/compiler-sfc/-/compiler-sfc-3.4.31.tgz",
            "integrity": "sha512-einJxqEw8IIJxzmnxmJBuK2usI+lJonl53foq+9etB2HAzlPjAS/wa7r0uUpXw5ByX3/0uswVSrjNb17vJm1kQ==",
            "license": "MIT",
            "dependencies": {
                "@babel/parser": "^7.24.7",
                "@vue/compiler-core": "3.4.31",
                "@vue/compiler-dom": "3.4.31",
                "@vue/compiler-ssr": "3.4.31",
                "@vue/shared": "3.4.31",
                "estree-walker": "^2.0.2",
                "magic-string": "^0.30.10",
                "postcss": "^8.4.38",
                "source-map-js": "^1.2.0"
            }
        },
        "node_modules/@vue/compiler-ssr": {
            "version": "3.4.31",
            "resolved": "https://mirrors.huaweicloud.com/repository/npm/@vue/compiler-ssr/-/compiler-ssr-3.4.31.tgz",
            "integrity": "sha512-RtefmITAje3fJ8FSg1gwgDhdKhZVntIVbwupdyZDSifZTRMiWxWehAOTCc8/KZDnBOcYQ4/9VWxsTbd3wT0hAA==",
            "license": "MIT",
            "dependencies": {
                "@vue/compiler-dom": "3.4.31",
                "@vue/shared": "3.4.31"
            }
        },
        "node_modules/@vue/reactivity": {
            "version": "3.4.31",
            "resolved": "https://mirrors.huaweicloud.com/repository/npm/@vue/reactivity/-/reactivity-3.4.31.tgz",
            "integrity": "sha512-VGkTani8SOoVkZNds1PfJ/T1SlAIOf8E58PGAhIOUDYPC4GAmFA2u/E14TDAFcf3vVDKunc4QqCe/SHr8xC65Q==",
            "license": "MIT",
            "dependencies": {
                "@vue/shared": "3.4.31"
            }
        },
        "node_modules/@vue/runtime-core": {
            "version": "3.4.31",
            "resolved": "https://mirrors.huaweicloud.com/repository/npm/@vue/runtime-core/-/runtime-core-3.4.31.tgz",
            "integrity": "sha512-LDkztxeUPazxG/p8c5JDDKPfkCDBkkiNLVNf7XZIUnJ+66GVGkP+TIh34+8LtPisZ+HMWl2zqhIw0xN5MwU1cw==",
            "license": "MIT",
            "dependencies": {
                "@vue/reactivity": "3.4.31",
                "@vue/shared": "3.4.31"
            }
        },
        "node_modules/@vue/runtime-dom": {
            "version": "3.4.31",
            "resolved": "https://mirrors.huaweicloud.com/repository/npm/@vue/runtime-dom/-/runtime-dom-3.4.31.tgz",
            "integrity": "sha512-2Auws3mB7+lHhTFCg8E9ZWopA6Q6L455EcU7bzcQ4x6Dn4cCPuqj6S2oBZgN2a8vJRS/LSYYxwFFq2Hlx3Fsaw==",
            "license": "MIT",
            "dependencies": {
                "@vue/reactivity": "3.4.31",
                "@vue/runtime-core": "3.4.31",
                "@vue/shared": "3.4.31",
                "csstype": "^3.1.3"
            }
        },
        "node_modules/@vue/server-renderer": {
            "version": "3.4.31",
            "resolved": "https://mirrors.huaweicloud.com/repository/npm/@vue/server-renderer/-/server-renderer-3.4.31.tgz",
            "integrity": "sha512-D5BLbdvrlR9PE3by9GaUp1gQXlCNadIZytMIb8H2h3FMWJd4oUfkUTEH2wAr3qxoRz25uxbTcbqd3WKlm9EHQA==",
            "license": "MIT",
            "dependencies": {
                "@vue/compiler-ssr": "3.4.31",
                "@vue/shared": "3.4.31"
            },
            "peerDependencies": {
                "vue": "3.4.31"
            }
        },
        "node_modules/@vue/shared": {
            "version": "3.4.31",
            "resolved": "https://mirrors.huaweicloud.com/repository/npm/@vue/shared/-/shared-3.4.31.tgz",
            "integrity": "sha512-Yp3wtJk//8cO4NItOPpi3QkLExAr/aLBGZMmTtW9WpdwBCJpRM6zj9WgWktXAl8IDIozwNMByT45JP3tO3ACWA==",
            "license": "MIT"
        },
        "node_modules/copy-text-to-clipboard": {
            "version": "3.2.0",
            "resolved": "https://mirrors.huaweicloud.com/repository/npm/copy-text-to-clipboard/-/copy-text-to-clipboard-3.2.0.tgz",
            "integrity": "sha512-RnJFp1XR/LOBDckxTib5Qjr/PMfkatD0MUCQgdpqS8MdKiNUzBjAQBEN6oUy+jW7LI93BBG3DtMB2KOOKpGs2Q==",
            "license": "MIT",
            "engines": {
                "node": ">=12"
            },
            "funding": {
                "url": "https://github.com/sponsors/sindresorhus"
            }
        },
        "node_modules/core-js": {
            "version": "3.37.1",
            "resolved": "https://mirrors.huaweicloud.com/repository/npm/core-js/-/core-js-3.37.1.tgz",
            "integrity": "sha512-Xn6qmxrQZyB0FFY8E3bgRXei3lWDJHhvI+u0q9TKIYM49G8pAr0FgnnrFRAmsbptZL1yxRADVXn+x5AGsbBfyw==",
            "hasInstallScript": true,
            "license": "MIT",
            "funding": {
                "type": "opencollective",
                "url": "https://opencollective.com/core-js"
            }
        },
        "node_modules/csstype": {
            "version": "3.1.3",
            "resolved": "https://mirrors.huaweicloud.com/repository/npm/csstype/-/csstype-3.1.3.tgz",
            "integrity": "sha512-M1uQkMl8rQK/szD0LNhtqxIPLpimGm8sOBwU7lLnCpSbTyY3yeU1Vc7l4KT5zT4s/yOxHH5O7tIuuLOCnLADRw==",
            "license": "MIT"
        },
        "node_modules/entities": {
            "version": "4.5.0",
            "resolved": "https://mirrors.huaweicloud.com/repository/npm/entities/-/entities-4.5.0.tgz",
            "integrity": "sha512-V0hjH4dGPh9Ao5p0MoRY6BVqtwCjhz6vI5LT8AJ55H+4g9/4vbHx1I54fS0XuclLhDHArPQCiMjDxjaL8fPxhw==",
            "license": "BSD-2-Clause",
            "engines": {
                "node": ">=0.12"
            },
            "funding": {
                "url": "https://github.com/fb55/entities?sponsor=1"
            }
        },
        "node_modules/estree-walker": {
            "version": "2.0.2",
            "resolved": "https://mirrors.huaweicloud.com/repository/npm/estree-walker/-/estree-walker-2.0.2.tgz",
            "integrity": "sha512-Rfkk/Mp/DL7JVje3u18FxFujQlTNR2q6QfMSMB7AvCBx91NGj/ba3kCfza0f6dVDbw7YlRf/nDrn7pQrCCyQ/w==",
            "license": "MIT"
        },
        "node_modules/hls.js": {
            "version": "1.5.13",
            "resolved": "https://mirrors.huaweicloud.com/repository/npm/hls.js/-/hls.js-1.5.13.tgz",
            "integrity": "sha512-xRgKo84nsC7clEvSfIdgn/Tc0NOT+d7vdiL/wvkLO+0k0juc26NRBPPG1SfB8pd5bHXIjMW/F5VM8VYYkOYYdw==",
            "license": "Apache-2.0"
        },
        "node_modules/magic-string": {
            "version": "0.30.10",
            "resolved": "https://mirrors.huaweicloud.com/repository/npm/magic-string/-/magic-string-0.30.10.tgz",
            "integrity": "sha512-iIRwTIf0QKV3UAnYK4PU8uiEc4SRh5jX0mwpIwETPpHdhVM4f53RSwS/vXvN1JhGX+Cs7B8qIq3d6AH49O5fAQ==",
            "license": "MIT",
            "dependencies": {
                "@jridgewell/sourcemap-codec": "^1.4.15"
            }
        },
        "node_modules/mutation-observer": {
            "version": "1.0.3",
            "resolved": "https://mirrors.huaweicloud.com/repository/npm/mutation-observer/-/mutation-observer-1.0.3.tgz",
            "integrity": "sha512-M/O/4rF2h776hV7qGMZUH3utZLO/jK7p8rnNgGkjKUw8zCGjRQPxB8z6+5l8+VjRUQ3dNYu4vjqXYLr+U8ZVNA=="
        },
        "node_modules/nanoid": {
            "version": "3.3.7",
            "resolved": "https://mirrors.huaweicloud.com/repository/npm/nanoid/-/nanoid-3.3.7.tgz",
            "integrity": "sha512-eSRppjcPIatRIMC1U6UngP8XFcz8MQWGQdt1MTBQ7NaAmvXDfvNxbvWV3x2y6CdEUciCSsDHDQZbhYaB8QEo2g==",
            "funding": [
                {
                    "type": "github",
                    "url": "https://github.com/sponsors/ai"
                }
            ],
            "license": "MIT",
            "bin": {
                "nanoid": "bin/nanoid.cjs"
            },
            "engines": {
                "node": "^10 || ^12 || ^13.7 || ^14 || >=15.0.1"
            }
        },
        "node_modules/picocolors": {
            "version": "1.0.1",
            "resolved": "https://mirrors.huaweicloud.com/repository/npm/picocolors/-/picocolors-1.0.1.tgz",
            "integrity": "sha512-anP1Z8qwhkbmu7MFP5iTt+wQKXgwzf7zTyGlcdzabySa9vd0Xt392U0rVmz9poOaBj0uHJKyyo9/upk0HrEQew==",
            "license": "ISC"
        },
        "node_modules/postcss": {
            "version": "8.4.39",
            "resolved": "https://mirrors.huaweicloud.com/repository/npm/postcss/-/postcss-8.4.39.tgz",
            "integrity": "sha512-0vzE+lAiG7hZl1/9I8yzKLx3aR9Xbof3fBHKunvMfOCYAtMhrsnccJY2iTURb9EZd5+pLuiNV9/c/GZJOHsgIw==",
            "funding": [
                {
                    "type": "opencollective",
                    "url": "https://opencollective.com/postcss/"
                },
                {
                    "type": "tidelift",
                    "url": "https://tidelift.com/funding/github/npm/postcss"
                },
                {
                    "type": "github",
                    "url": "https://github.com/sponsors/ai"
                }
            ],
            "license": "MIT",
            "dependencies": {
                "nanoid": "^3.3.7",
                "picocolors": "^1.0.1",
                "source-map-js": "^1.2.0"
            },
            "engines": {
                "node": "^10 || ^12 || >=14"
            }
        },
        "node_modules/regenerator-runtime": {
            "version": "0.14.1",
            "resolved": "https://mirrors.huaweicloud.com/repository/npm/regenerator-runtime/-/regenerator-runtime-0.14.1.tgz",
            "integrity": "sha512-dYnhHh0nJoMfnkZs6GmmhFknAGRrLznOu5nc9ML+EJxGvrx6H7teuevqVqCuPcPK//3eDrrjQhehXVx9cnkGdw==",
            "license": "MIT"
        },
        "node_modules/source-map-js": {
            "version": "1.2.0",
            "resolved": "https://mirrors.huaweicloud.com/repository/npm/source-map-js/-/source-map-js-1.2.0.tgz",
            "integrity": "sha512-itJW8lvSA0TXEphiRoawsCksnlf8SyvmFzIhltqAHluXd88pkCd+cXJVHTDwdCr0IzwptSm035IHQktUu1QUMg==",
            "license": "BSD-3-Clause",
            "engines": {
                "node": ">=0.10.0"
            }
        },
        "node_modules/throttle-debounce": {
            "version": "3.0.1",
            "resolved": "https://mirrors.huaweicloud.com/repository/npm/throttle-debounce/-/throttle-debounce-3.0.1.tgz",
            "integrity": "sha512-dTEWWNu6JmeVXY0ZYoPuH5cRIwc0MeGbJwah9KUNYSJwommQpCzTySTpEe8Gs1J23aeWEuAobe4Ag7EHVt/LOg==",
            "license": "MIT",
            "engines": {
                "node": ">=10"
            }
        },
        "node_modules/vconsole": {
            "version": "3.15.1",
            "resolved": "https://mirrors.huaweicloud.com/repository/npm/vconsole/-/vconsole-3.15.1.tgz",
            "integrity": "sha512-KH8XLdrq9T5YHJO/ixrjivHfmF2PC2CdVoK6RWZB4yftMykYIaXY1mxZYAic70vADM54kpMQF+dYmvl5NRNy1g==",
            "license": "MIT",
            "dependencies": {
                "@babel/runtime": "^7.17.2",
                "copy-text-to-clipboard": "^3.0.1",
                "core-js": "^3.11.0",
                "mutation-observer": "^1.0.3"
            }
        },
        "node_modules/vue": {
            "version": "3.4.31",
            "resolved": "https://mirrors.huaweicloud.com/repository/npm/vue/-/vue-3.4.31.tgz",
            "integrity": "sha512-njqRrOy7W3YLAlVqSKpBebtZpDVg21FPoaq1I7f/+qqBThK9ChAIjkRWgeP6Eat+8C+iia4P3OYqpATP21BCoQ==",
            "license": "MIT",
            "dependencies": {
                "@vue/compiler-dom": "3.4.31",
                "@vue/compiler-sfc": "3.4.31",
                "@vue/runtime-dom": "3.4.31",
                "@vue/server-renderer": "3.4.31",
                "@vue/shared": "3.4.31"
            },
            "peerDependencies": {
                "typescript": "*"
            },
            "peerDependenciesMeta": {
                "typescript": {
                    "optional": true
                }
            }
        },
        "node_modules/vue3-video-play": {
            "version": "1.3.2",
            "resolved": "https://mirrors.huaweicloud.com/repository/npm/vue3-video-play/-/vue3-video-play-1.3.2.tgz",
            "integrity": "sha512-eEwCJ0NIkfVQgTj0I3Kf9b1E/04Qne8mQQiE8r77BocblHsZ2T6af3q8l8Zzs/OvjlpQAQvkN/ACVUOJC3RSXg==",
            "license": "ISC",
            "dependencies": {
                "hls.js": "^1.0.10",
                "throttle-debounce": "^3.0.1",
                "vue": "^3.2.2"
            }
        }
    },
    "dependencies": {
        "@babel/parser": {
            "version": "7.24.8",
            "resolved": "https://mirrors.huaweicloud.com/repository/npm/@babel/parser/-/parser-7.24.8.tgz",
            "integrity": "sha512-WzfbgXOkGzZiXXCqk43kKwZjzwx4oulxZi3nq2TYL9mOjQv6kYwul9mz6ID36njuL7Xkp6nJEfok848Zj10j/w=="
        },
        "@babel/runtime": {
            "version": "7.24.8",
            "resolved": "https://mirrors.huaweicloud.com/repository/npm/@babel/runtime/-/runtime-7.24.8.tgz",
            "integrity": "sha512-5F7SDGs1T72ZczbRwbGO9lQi0NLjQxzl6i4lJxLxfW9U5UluCSyEJeniWvnhl3/euNiqQVbo8zruhsDfid0esA==",
            "requires": {
                "regenerator-runtime": "^0.14.0"
            }
        },
        "@jridgewell/sourcemap-codec": {
            "version": "1.5.0",
            "resolved": "https://mirrors.huaweicloud.com/repository/npm/@jridgewell/sourcemap-codec/-/sourcemap-codec-1.5.0.tgz",
            "integrity": "sha512-gv3ZRaISU3fjPAgNsriBRqGWQL6quFx04YMPW/zD8XMLsU32mhCCbfbO6KZFLjvYpCZ8zyDEgqsgf+PwPaM7GQ=="
        },
        "@vue/compiler-core": {
            "version": "3.4.31",
            "resolved": "https://mirrors.huaweicloud.com/repository/npm/@vue/compiler-core/-/compiler-core-3.4.31.tgz",
            "integrity": "sha512-skOiodXWTV3DxfDhB4rOf3OGalpITLlgCeOwb+Y9GJpfQ8ErigdBUHomBzvG78JoVE8MJoQsb+qhZiHfKeNeEg==",
            "requires": {
                "@babel/parser": "^7.24.7",
                "@vue/shared": "3.4.31",
                "entities": "^4.5.0",
                "estree-walker": "^2.0.2",
                "source-map-js": "^1.2.0"
            }
        },
        "@vue/compiler-dom": {
            "version": "3.4.31",
            "resolved": "https://mirrors.huaweicloud.com/repository/npm/@vue/compiler-dom/-/compiler-dom-3.4.31.tgz",
            "integrity": "sha512-wK424WMXsG1IGMyDGyLqB+TbmEBFM78hIsOJ9QwUVLGrcSk0ak6zYty7Pj8ftm7nEtdU/DGQxAXp0/lM/2cEpQ==",
            "requires": {
                "@vue/compiler-core": "3.4.31",
                "@vue/shared": "3.4.31"
            }
        },
        "@vue/compiler-sfc": {
            "version": "3.4.31",
            "resolved": "https://mirrors.huaweicloud.com/repository/npm/@vue/compiler-sfc/-/compiler-sfc-3.4.31.tgz",
            "integrity": "sha512-einJxqEw8IIJxzmnxmJBuK2usI+lJonl53foq+9etB2HAzlPjAS/wa7r0uUpXw5ByX3/0uswVSrjNb17vJm1kQ==",
            "requires": {
                "@babel/parser": "^7.24.7",
                "@vue/compiler-core": "3.4.31",
                "@vue/compiler-dom": "3.4.31",
                "@vue/compiler-ssr": "3.4.31",
                "@vue/shared": "3.4.31",
                "estree-walker": "^2.0.2",
                "magic-string": "^0.30.10",
                "postcss": "^8.4.38",
                "source-map-js": "^1.2.0"
            }
        },
        "@vue/compiler-ssr": {
            "version": "3.4.31",
            "resolved": "https://mirrors.huaweicloud.com/repository/npm/@vue/compiler-ssr/-/compiler-ssr-3.4.31.tgz",
            "integrity": "sha512-RtefmITAje3fJ8FSg1gwgDhdKhZVntIVbwupdyZDSifZTRMiWxWehAOTCc8/KZDnBOcYQ4/9VWxsTbd3wT0hAA==",
            "requires": {
                "@vue/compiler-dom": "3.4.31",
                "@vue/shared": "3.4.31"
            }
        },
        "@vue/reactivity": {
            "version": "3.4.31",
            "resolved": "https://mirrors.huaweicloud.com/repository/npm/@vue/reactivity/-/reactivity-3.4.31.tgz",
            "integrity": "sha512-VGkTani8SOoVkZNds1PfJ/T1SlAIOf8E58PGAhIOUDYPC4GAmFA2u/E14TDAFcf3vVDKunc4QqCe/SHr8xC65Q==",
            "requires": {
                "@vue/shared": "3.4.31"
            }
        },
        "@vue/runtime-core": {
            "version": "3.4.31",
            "resolved": "https://mirrors.huaweicloud.com/repository/npm/@vue/runtime-core/-/runtime-core-3.4.31.tgz",
            "integrity": "sha512-LDkztxeUPazxG/p8c5JDDKPfkCDBkkiNLVNf7XZIUnJ+66GVGkP+TIh34+8LtPisZ+HMWl2zqhIw0xN5MwU1cw==",
            "requires": {
                "@vue/reactivity": "3.4.31",
                "@vue/shared": "3.4.31"
            }
        },
        "@vue/runtime-dom": {
            "version": "3.4.31",
            "resolved": "https://mirrors.huaweicloud.com/repository/npm/@vue/runtime-dom/-/runtime-dom-3.4.31.tgz",
            "integrity": "sha512-2Auws3mB7+lHhTFCg8E9ZWopA6Q6L455EcU7bzcQ4x6Dn4cCPuqj6S2oBZgN2a8vJRS/LSYYxwFFq2Hlx3Fsaw==",
            "requires": {
                "@vue/reactivity": "3.4.31",
                "@vue/runtime-core": "3.4.31",
                "@vue/shared": "3.4.31",
                "csstype": "^3.1.3"
            }
        },
        "@vue/server-renderer": {
            "version": "3.4.31",
            "resolved": "https://mirrors.huaweicloud.com/repository/npm/@vue/server-renderer/-/server-renderer-3.4.31.tgz",
            "integrity": "sha512-D5BLbdvrlR9PE3by9GaUp1gQXlCNadIZytMIb8H2h3FMWJd4oUfkUTEH2wAr3qxoRz25uxbTcbqd3WKlm9EHQA==",
            "requires": {
                "@vue/compiler-ssr": "3.4.31",
                "@vue/shared": "3.4.31"
            }
        },
        "@vue/shared": {
            "version": "3.4.31",
            "resolved": "https://mirrors.huaweicloud.com/repository/npm/@vue/shared/-/shared-3.4.31.tgz",
            "integrity": "sha512-Yp3wtJk//8cO4NItOPpi3QkLExAr/aLBGZMmTtW9WpdwBCJpRM6zj9WgWktXAl8IDIozwNMByT45JP3tO3ACWA=="
        },
        "copy-text-to-clipboard": {
            "version": "3.2.0",
            "resolved": "https://mirrors.huaweicloud.com/repository/npm/copy-text-to-clipboard/-/copy-text-to-clipboard-3.2.0.tgz",
            "integrity": "sha512-RnJFp1XR/LOBDckxTib5Qjr/PMfkatD0MUCQgdpqS8MdKiNUzBjAQBEN6oUy+jW7LI93BBG3DtMB2KOOKpGs2Q=="
        },
        "core-js": {
            "version": "3.37.1",
            "resolved": "https://mirrors.huaweicloud.com/repository/npm/core-js/-/core-js-3.37.1.tgz",
            "integrity": "sha512-Xn6qmxrQZyB0FFY8E3bgRXei3lWDJHhvI+u0q9TKIYM49G8pAr0FgnnrFRAmsbptZL1yxRADVXn+x5AGsbBfyw=="
        },
        "csstype": {
            "version": "3.1.3",
            "resolved": "https://mirrors.huaweicloud.com/repository/npm/csstype/-/csstype-3.1.3.tgz",
            "integrity": "sha512-M1uQkMl8rQK/szD0LNhtqxIPLpimGm8sOBwU7lLnCpSbTyY3yeU1Vc7l4KT5zT4s/yOxHH5O7tIuuLOCnLADRw=="
        },
        "entities": {
            "version": "4.5.0",
            "resolved": "https://mirrors.huaweicloud.com/repository/npm/entities/-/entities-4.5.0.tgz",
            "integrity": "sha512-V0hjH4dGPh9Ao5p0MoRY6BVqtwCjhz6vI5LT8AJ55H+4g9/4vbHx1I54fS0XuclLhDHArPQCiMjDxjaL8fPxhw=="
        },
        "estree-walker": {
            "version": "2.0.2",
            "resolved": "https://mirrors.huaweicloud.com/repository/npm/estree-walker/-/estree-walker-2.0.2.tgz",
            "integrity": "sha512-Rfkk/Mp/DL7JVje3u18FxFujQlTNR2q6QfMSMB7AvCBx91NGj/ba3kCfza0f6dVDbw7YlRf/nDrn7pQrCCyQ/w=="
        },
        "hls.js": {
            "version": "1.5.13",
            "resolved": "https://mirrors.huaweicloud.com/repository/npm/hls.js/-/hls.js-1.5.13.tgz",
            "integrity": "sha512-xRgKo84nsC7clEvSfIdgn/Tc0NOT+d7vdiL/wvkLO+0k0juc26NRBPPG1SfB8pd5bHXIjMW/F5VM8VYYkOYYdw=="
        },
        "magic-string": {
            "version": "0.30.10",
            "resolved": "https://mirrors.huaweicloud.com/repository/npm/magic-string/-/magic-string-0.30.10.tgz",
            "integrity": "sha512-iIRwTIf0QKV3UAnYK4PU8uiEc4SRh5jX0mwpIwETPpHdhVM4f53RSwS/vXvN1JhGX+Cs7B8qIq3d6AH49O5fAQ==",
            "requires": {
                "@jridgewell/sourcemap-codec": "^1.4.15"
            }
        },
        "mutation-observer": {
            "version": "1.0.3",
            "resolved": "https://mirrors.huaweicloud.com/repository/npm/mutation-observer/-/mutation-observer-1.0.3.tgz",
            "integrity": "sha512-M/O/4rF2h776hV7qGMZUH3utZLO/jK7p8rnNgGkjKUw8zCGjRQPxB8z6+5l8+VjRUQ3dNYu4vjqXYLr+U8ZVNA=="
        },
        "nanoid": {
            "version": "3.3.7",
            "resolved": "https://mirrors.huaweicloud.com/repository/npm/nanoid/-/nanoid-3.3.7.tgz",
            "integrity": "sha512-eSRppjcPIatRIMC1U6UngP8XFcz8MQWGQdt1MTBQ7NaAmvXDfvNxbvWV3x2y6CdEUciCSsDHDQZbhYaB8QEo2g=="
        },
        "picocolors": {
            "version": "1.0.1",
            "resolved": "https://mirrors.huaweicloud.com/repository/npm/picocolors/-/picocolors-1.0.1.tgz",
            "integrity": "sha512-anP1Z8qwhkbmu7MFP5iTt+wQKXgwzf7zTyGlcdzabySa9vd0Xt392U0rVmz9poOaBj0uHJKyyo9/upk0HrEQew=="
        },
        "postcss": {
            "version": "8.4.39",
            "resolved": "https://mirrors.huaweicloud.com/repository/npm/postcss/-/postcss-8.4.39.tgz",
            "integrity": "sha512-0vzE+lAiG7hZl1/9I8yzKLx3aR9Xbof3fBHKunvMfOCYAtMhrsnccJY2iTURb9EZd5+pLuiNV9/c/GZJOHsgIw==",
            "requires": {
                "nanoid": "^3.3.7",
                "picocolors": "^1.0.1",
                "source-map-js": "^1.2.0"
            }
        },
        "regenerator-runtime": {
            "version": "0.14.1",
            "resolved": "https://mirrors.huaweicloud.com/repository/npm/regenerator-runtime/-/regenerator-runtime-0.14.1.tgz",
            "integrity": "sha512-dYnhHh0nJoMfnkZs6GmmhFknAGRrLznOu5nc9ML+EJxGvrx6H7teuevqVqCuPcPK//3eDrrjQhehXVx9cnkGdw=="
        },
        "source-map-js": {
            "version": "1.2.0",
            "resolved": "https://mirrors.huaweicloud.com/repository/npm/source-map-js/-/source-map-js-1.2.0.tgz",
            "integrity": "sha512-itJW8lvSA0TXEphiRoawsCksnlf8SyvmFzIhltqAHluXd88pkCd+cXJVHTDwdCr0IzwptSm035IHQktUu1QUMg=="
        },
        "throttle-debounce": {
            "version": "3.0.1",
            "resolved": "https://mirrors.huaweicloud.com/repository/npm/throttle-debounce/-/throttle-debounce-3.0.1.tgz",
            "integrity": "sha512-dTEWWNu6JmeVXY0ZYoPuH5cRIwc0MeGbJwah9KUNYSJwommQpCzTySTpEe8Gs1J23aeWEuAobe4Ag7EHVt/LOg=="
        },
        "vconsole": {
            "version": "3.15.1",
            "resolved": "https://mirrors.huaweicloud.com/repository/npm/vconsole/-/vconsole-3.15.1.tgz",
            "integrity": "sha512-KH8XLdrq9T5YHJO/ixrjivHfmF2PC2CdVoK6RWZB4yftMykYIaXY1mxZYAic70vADM54kpMQF+dYmvl5NRNy1g==",
            "requires": {
                "@babel/runtime": "^7.17.2",
                "copy-text-to-clipboard": "^3.0.1",
                "core-js": "^3.11.0",
                "mutation-observer": "^1.0.3"
            }
        },
        "vue": {
            "version": "3.4.31",
            "resolved": "https://mirrors.huaweicloud.com/repository/npm/vue/-/vue-3.4.31.tgz",
            "integrity": "sha512-njqRrOy7W3YLAlVqSKpBebtZpDVg21FPoaq1I7f/+qqBThK9ChAIjkRWgeP6Eat+8C+iia4P3OYqpATP21BCoQ==",
            "requires": {
                "@vue/compiler-dom": "3.4.31",
                "@vue/compiler-sfc": "3.4.31",
                "@vue/runtime-dom": "3.4.31",
                "@vue/server-renderer": "3.4.31",
                "@vue/shared": "3.4.31"
            }
        },
        "vue3-video-play": {
            "version": "1.3.2",
            "resolved": "https://mirrors.huaweicloud.com/repository/npm/vue3-video-play/-/vue3-video-play-1.3.2.tgz",
            "integrity": "sha512-eEwCJ0NIkfVQgTj0I3Kf9b1E/04Qne8mQQiE8r77BocblHsZ2T6af3q8l8Zzs/OvjlpQAQvkN/ACVUOJC3RSXg==",
            "requires": {
                "hls.js": "^1.0.10",
                "throttle-debounce": "^3.0.1",
                "vue": "^3.2.2"
            }
        }
    }
}
